schema: '2.0'
stages:
  build-dataset:
    cmd: bin/build-dataset
    deps:
    - path: artifacts/data/raw
      hash: md5
      md5: 1dad86c61539a9c90bce6c24335b99a4.dir
      size: 57344
      nfiles: 2
    - path: bin/build-dataset
      hash: md5
      md5: a08b09e7377c5115e2ac472b55894991
      size: 291
    params:
      params.yaml:
        data:
          test_size: 0.2
    outs:
    - path: artifacts/data/processed
      hash: md5
      md5: a93f385a3bf967bfe9b740da91de9b72.dir
      size: 48304
      nfiles: 4
  build-features:
    cmd: bin/build-features
    deps:
    - path: artifacts/data/processed
      hash: md5
      md5: a93f385a3bf967bfe9b740da91de9b72.dir
      size: 48304
      nfiles: 4
    - path: bin/build-features
      hash: md5
      md5: 020d9c44ea8ffc185d1f8696035e31d8
      size: 464
    outs:
    - path: artifacts/features
      hash: md5
      md5: d7d0d18e61850d0c8a7b2b7d8ac7d705.dir
      size: 29896
      nfiles: 2
  train-model:
    cmd: bin/train-model
    deps:
    - path: artifacts/data/processed
      hash: md5
      md5: a93f385a3bf967bfe9b740da91de9b72.dir
      size: 48304
      nfiles: 4
    - path: artifacts/features
      hash: md5
      md5: d7d0d18e61850d0c8a7b2b7d8ac7d705.dir
      size: 29896
      nfiles: 2
    params:
      params.yaml:
        model:
          n_estimators: 30
          max_depth: 2
          learning_rate: 0.1
